
Microsoft Visual Studio Solution File, Format Version 12.00
# Visual Studio Version 16
VisualStudioVersion = 16.0.32929.386
MinimumVisualStudioVersion = 10.0.40219.1
Project("{FAE04EC0-301F-11D3-BF4B-00C04F79EFBC}") = "WebApplication1", "WebApplication1.csproj", "{AA828F87-5E48-47A1-A0D5-3A26F038108A}"
EndProject
Global
	GlobalSection(SolutionConfigurationPlatforms) = preSolution
		Debug|Any CPU = Debug|Any CPU
		Release|Any CPU = Release|Any CPU
	EndGlobalSection
	GlobalSection(ProjectConfigurationPlatforms) = postSolution
		{AA828F87-5E48-47A1-A0D5-3A26F038108A}.Debug|Any CPU.ActiveCfg = Debug|Any CPU
		{AA828F87-5E48-47A1-A0D5-3A26F038108A}.Debug|Any CPU.Build.0 = Debug|Any CPU
		{AA828F87-5E48-47A1-A0D5-3A26F038108A}.Release|Any CPU.ActiveCfg = Release|Any CPU
		{AA828F87-5E48-47A1-A0D5-3A26F038108A}.Release|Any CPU.Build.0 = Release|Any CPU
	EndGlobalSection
	GlobalSection(SolutionProperties) = preSolution
		HideSolutionNode = FALSE
	EndGlobalSection
	GlobalSection(ExtensibilityGlobals) = postSolution
		SolutionGuid = {B22F945E-CC26-488E-9C2B-8774DA0F2EAC}
	EndGlobalSection
EndGlobal
